# This file is automatically @generated by Cargo.
# It is not intended for manual editing.
version = 4

[[package]]
name = "dm-compiler"
version = "0.1.0"
dependencies = [
 "dm-core",
 "dm-object-tree",
 "dm-project",
 "dm-syntax",
]

[[package]]
name = "dm-conformance"
version = "0.1.0"
dependencies = [
 "dm-compiler",
 "dm-lexer",
 "dm-project",
 "dm-syntax",
 "dm-vm",
]

[[package]]
name = "dm-core"
version = "0.1.0"

[[package]]
name = "dm-dmf"
version = "0.1.0"
dependencies = [
 "dm-core",
]

[[package]]
name = "dm-globals"
version = "0.1.0"
dependencies = [
 "dm-compiler",
 "dm-core",
 "dm-lexer",
 "dm-object-tree",
 "dm-syntax",
]

[[package]]
name = "dm-lexer"
version = "0.1.0"
dependencies = [
 "dm-core",
]

[[package]]
name = "dm-lowering"
version = "0.1.0"
dependencies = [
 "dm-compiler",
 "dm-core",
 "dm-semantics",
 "dm-vm",
]

[[package]]
name = "dm-map"
version = "0.1.0"
dependencies = [
 "dm-core",
]

[[package]]
name = "dm-object-tree"
version = "0.1.0"
dependencies = [
 "dm-core",
 "dm-lexer",
 "dm-syntax",
]

[[package]]
name = "dm-project"
version = "0.1.0"
dependencies = [
 "dm-core",
]

[[package]]
name = "dm-semantics"
version = "0.1.0"
dependencies = [
 "dm-compiler",
 "dm-core",
 "dm-object-tree",
 "dm-syntax",
 "dm-vm",
]

[[package]]
name = "dm-syntax"
version = "0.1.0"
dependencies = [
 "dm-core",
 "dm-lexer",
]

[[package]]
name = "dm-value"
version = "0.1.0"
dependencies = [
 "dm-core",
]

[[package]]
name = "dm-vm"
version = "0.1.0"
dependencies = [
 "dm-core",
 "dm-lexer",
 "dm-syntax",
 "dm-value",
]

[[package]]
name = "dm-world"
version = "0.1.0"
dependencies = [
 "dm-compiler",
 "dm-core",
 "dm-map",
 "dm-object-tree",
]
